
Microsoft Visual Studio Solution File, Format Version 12.00
# Visual Studio Version 17
VisualStudioVersion = 17.9.34622.214
MinimumVisualStudioVersion = 10.0.40219.1
Project("{FAE04EC0-301F-11D3-BF4B-00C04F79EFBC}") = "CrudBet8MVC", "CrudBet8MVC\CrudBet8MVC.csproj", "{F7A23B31-4ACB-483E-B0BA-03738EF62796}"
EndProject
Global
	GlobalSection(SolutionConfigurationPlatforms) = preSolution
		Debug|Any CPU = Debug|Any CPU
		Release|Any CPU = Release|Any CPU
	EndGlobalSection
	GlobalSection(ProjectConfigurationPlatforms) = postSolution
		{F7A23B31-4ACB-483E-B0BA-03738EF62796}.Debug|Any CPU.ActiveCfg = Debug|Any CPU
		{F7A23B31-4ACB-483E-B0BA-03738EF62796}.Debug|Any CPU.Build.0 = Debug|Any CPU
		{F7A23B31-4ACB-483E-B0BA-03738EF62796}.Release|Any CPU.ActiveCfg = Release|Any CPU
		{F7A23B31-4ACB-483E-B0BA-03738EF62796}.Release|Any CPU.Build.0 = Release|Any CPU
	EndGlobalSection
	GlobalSection(SolutionProperties) = preSolution
		HideSolutionNode = FALSE
	EndGlobalSection
	GlobalSection(ExtensibilityGlobals) = postSolution
		SolutionGuid = {77F56DE7-42D3-412B-A786-004EEBD4322A}
	EndGlobalSection
EndGlobal
